
Microsoft Visual Studio Solution File, Format Version 12.00
# Visual Studio Version 17
VisualStudioVersion = 17.9.34714.143
MinimumVisualStudioVersion = 10.0.40219.1
Project("{9A19103F-16F7-4668-BE54-9A1E7A4F7556}") = "KartMan.Host", "KartMan.Host\KartMan.Host.csproj", "{CA2FBCCD-E29F-4741-8DB8-4D7BED5EC553}"
EndProject
Global
	GlobalSection(SolutionConfigurationPlatforms) = preSolution
		Debug|Any CPU = Debug|Any CPU
		Release|Any CPU = Release|Any CPU
	EndGlobalSection
	GlobalSection(ProjectConfigurationPlatforms) = postSolution
		{CA2FBCCD-E29F-4741-8DB8-4D7BED5EC553}.Debug|Any CPU.ActiveCfg = Debug|Any CPU
		{CA2FBCCD-E29F-4741-8DB8-4D7BED5EC553}.Debug|Any CPU.Build.0 = Debug|Any CPU
		{CA2FBCCD-E29F-4741-8DB8-4D7BED5EC553}.Release|Any CPU.ActiveCfg = Release|Any CPU
		{CA2FBCCD-E29F-4741-8DB8-4D7BED5EC553}.Release|Any CPU.Build.0 = Release|Any CPU
	EndGlobalSection
	GlobalSection(SolutionProperties) = preSolution
		HideSolutionNode = FALSE
	EndGlobalSection
	GlobalSection(ExtensibilityGlobals) = postSolution
		SolutionGuid = {19995FB3-3815-45CA-9D67-161266378BDB}
	EndGlobalSection
EndGlobal
